# This file is automatically @generated by Poetry 1.5.1 and should not be changed by hand.

[[package]]
name = "turtle100"
version = "1.0.0"
description = "100 turtle shape"
optional = false
python-versions = "*"
files = [
    {file = "turtle100-1.0.0.tar.gz", hash = "sha256:fd5105868ece3f9b610c8b68b8f583cda9ea06c87938048220d7aba01e2128fe"},
]

[metadata]
lock-version = "2.0"
python-versions = ">=3.10.0,<3.11"
content-hash = "d206780c8d96d2d854cadee60987184d0178540cd7eb43f1c81b27b594362b6f"
